
Microsoft Visual Studio Solution File, Format Version 12.00
# Visual Studio Version 17
VisualStudioVersion = 17.5.002.0
MinimumVisualStudioVersion = 10.0.40219.1
Project("{9A19103F-16F7-4668-BE54-9A1E7A4F7556}") = "api", "api.csproj", "{8AFEAB3B-FF25-41A8-AEDC-92AA4100A001}"
EndProject
Global
	GlobalSection(SolutionConfigurationPlatforms) = preSolution
		Debug|Any CPU = Debug|Any CPU
		Release|Any CPU = Release|Any CPU
	EndGlobalSection
	GlobalSection(ProjectConfigurationPlatforms) = postSolution
		{8AFEAB3B-FF25-41A8-AEDC-92AA4100A001}.Debug|Any CPU.ActiveCfg = Debug|Any CPU
		{8AFEAB3B-FF25-41A8-AEDC-92AA4100A001}.Debug|Any CPU.Build.0 = Debug|Any CPU
		{8AFEAB3B-FF25-41A8-AEDC-92AA4100A001}.Release|Any CPU.ActiveCfg = Release|Any CPU
		{8AFEAB3B-FF25-41A8-AEDC-92AA4100A001}.Release|Any CPU.Build.0 = Release|Any CPU
	EndGlobalSection
	GlobalSection(SolutionProperties) = preSolution
		HideSolutionNode = FALSE
	EndGlobalSection
	GlobalSection(ExtensibilityGlobals) = postSolution
		SolutionGuid = {8622FE66-E937-4962-A9D2-954973CC2E69}
	EndGlobalSection
EndGlobal
